
Microsoft Visual Studio Solution File, Format Version 12.00
# Visual Studio Version 17
VisualStudioVersion = 17.5.002.0
MinimumVisualStudioVersion = 10.0.40219.1
Project("{9A19103F-16F7-4668-BE54-9A1E7A4F7556}") = "AlspecJobs", "AlspecJobs.csproj", "{D9A08D4E-0D70-4C43-9427-0E575847E55A}"
EndProject
Global
	GlobalSection(SolutionConfigurationPlatforms) = preSolution
		Debug|Any CPU = Debug|Any CPU
		Release|Any CPU = Release|Any CPU
	EndGlobalSection
	GlobalSection(ProjectConfigurationPlatforms) = postSolution
		{D9A08D4E-0D70-4C43-9427-0E575847E55A}.Debug|Any CPU.ActiveCfg = Debug|Any CPU
		{D9A08D4E-0D70-4C43-9427-0E575847E55A}.Debug|Any CPU.Build.0 = Debug|Any CPU
		{D9A08D4E-0D70-4C43-9427-0E575847E55A}.Release|Any CPU.ActiveCfg = Release|Any CPU
		{D9A08D4E-0D70-4C43-9427-0E575847E55A}.Release|Any CPU.Build.0 = Release|Any CPU
	EndGlobalSection
	GlobalSection(SolutionProperties) = preSolution
		HideSolutionNode = FALSE
	EndGlobalSection
	GlobalSection(ExtensibilityGlobals) = postSolution
		SolutionGuid = {255888FD-D54A-496C-A383-9CC38C47E548}
	EndGlobalSection
EndGlobal
